
Microsoft Visual Studio Solution File, Format Version 11.00
# Visual Studio 2010
Project("{8BC9CEB8-8B4A-11D0-8D11-00A0C91BC942}") = "CopterControl", "CopterControl.vcxproj", "{21284B7C-F28D-4144-BAA1-3F896FF87BAC}"
EndProject
Global
	GlobalSection(SolutionConfigurationPlatforms) = preSolution
		Debug|Win32 = Debug|Win32
		Release|Win32 = Release|Win32
	EndGlobalSection
	GlobalSection(ProjectConfigurationPlatforms) = postSolution
		{21284B7C-F28D-4144-BAA1-3F896FF87BAC}.Debug|Win32.ActiveCfg = Debug|Win32
		{21284B7C-F28D-4144-BAA1-3F896FF87BAC}.Debug|Win32.Build.0 = Debug|Win32
		{21284B7C-F28D-4144-BAA1-3F896FF87BAC}.Release|Win32.ActiveCfg = Release|Win32
		{21284B7C-F28D-4144-BAA1-3F896FF87BAC}.Release|Win32.Build.0 = Release|Win32
	EndGlobalSection
	GlobalSection(SolutionProperties) = preSolution
		HideSolutionNode = FALSE
	EndGlobalSection
EndGlobal
